# This file is autogenerated, do not edit; changes may be undone by the next 'dep ensure'.


[[projects]]
  branch = "master"
  name = "github.com/LUSHDigital/sqlerr"
  packages = ["."]
  revision = "c5cffde92f0e884272ca9a798aa68b519d8c3c6e"

[solve-meta]
  analyzer-name = "dep"
  analyzer-version = 1
  inputs-digest = "897435c41c111a8bde817bc94ac1a18435f0e0546e35ad28eb5d6050d628d3fe"
  solver-name = "gps-cdcl"
  solver-version = 1
